
Microsoft Visual Studio Solution File, Format Version 12.00
# Visual Studio Version 16
VisualStudioVersion = 16.0.31129.286
MinimumVisualStudioVersion = 10.0.40219.1
Project("{9A19103F-16F7-4668-BE54-9A1E7A4F7556}") = "TaskSchedulerHost", "TaskSchedulerHost\TaskSchedulerHost.csproj", "{AD6D5C4C-881F-425E-9D82-FB2DA3E85D48}"
EndProject
Project("{9A19103F-16F7-4668-BE54-9A1E7A4F7556}") = "TaskSchedulerModel", "TaskSchedulerModel\TaskSchedulerModel.csproj", "{478BB13D-EC68-41CC-BA95-E485CCDB2251}"
EndProject
Project("{9A19103F-16F7-4668-BE54-9A1E7A4F7556}") = "TaskSchedulerRepository", "TaskSchedulerRepository\TaskSchedulerRepository.csproj", "{07CED5ED-3598-46A2-8E6C-19D3C0085AB7}"
EndProject
Project("{9A19103F-16F7-4668-BE54-9A1E7A4F7556}") = "TaskSchedulerRepositoryTest", "TaskSchedulerRepositoryTest\TaskSchedulerRepositoryTest.csproj", "{7CB2904F-9AF2-45FF-8DF7-63BE3BBAB9AD}"
EndProject
Project("{9A19103F-16F7-4668-BE54-9A1E7A4F7556}") = "TaskScheduler", "TaskScheduler\TaskScheduler.csproj", "{B5A366E6-523F-4F9D-A0CA-1D4CD884575B}"
EndProject
Project("{FAE04EC0-301F-11D3-BF4B-00C04F79EFBC}") = "TaskSchedulerTest", "TaskSchedulerTest\TaskSchedulerTest.csproj", "{33A76A01-280A-410A-BE02-D14BCC346F66}"
EndProject
Project("{FAE04EC0-301F-11D3-BF4B-00C04F79EFBC}") = "TaskSchedulerApp", "TaskSchedulerApp\TaskSchedulerApp.csproj", "{8B1E6965-118F-4DAD-BBF4-998056EB80D8}"
EndProject
Global
	GlobalSection(SolutionConfigurationPlatforms) = preSolution
		Debug|Any CPU = Debug|Any CPU
		Release|Any CPU = Release|Any CPU
	EndGlobalSection
	GlobalSection(ProjectConfigurationPlatforms) = postSolution
		{AD6D5C4C-881F-425E-9D82-FB2DA3E85D48}.Debug|Any CPU.ActiveCfg = Debug|Any CPU
		{AD6D5C4C-881F-425E-9D82-FB2DA3E85D48}.Debug|Any CPU.Build.0 = Debug|Any CPU
		{AD6D5C4C-881F-425E-9D82-FB2DA3E85D48}.Release|Any CPU.ActiveCfg = Release|Any CPU
		{AD6D5C4C-881F-425E-9D82-FB2DA3E85D48}.Release|Any CPU.Build.0 = Release|Any CPU
		{478BB13D-EC68-41CC-BA95-E485CCDB2251}.Debug|Any CPU.ActiveCfg = Debug|Any CPU
		{478BB13D-EC68-41CC-BA95-E485CCDB2251}.Debug|Any CPU.Build.0 = Debug|Any CPU
		{478BB13D-EC68-41CC-BA95-E485CCDB2251}.Release|Any CPU.ActiveCfg = Release|Any CPU
		{478BB13D-EC68-41CC-BA95-E485CCDB2251}.Release|Any CPU.Build.0 = Release|Any CPU
		{07CED5ED-3598-46A2-8E6C-19D3C0085AB7}.Debug|Any CPU.ActiveCfg = Debug|Any CPU
		{07CED5ED-3598-46A2-8E6C-19D3C0085AB7}.Debug|Any CPU.Build.0 = Debug|Any CPU
		{07CED5ED-3598-46A2-8E6C-19D3C0085AB7}.Release|Any CPU.ActiveCfg = Release|Any CPU
		{07CED5ED-3598-46A2-8E6C-19D3C0085AB7}.Release|Any CPU.Build.0 = Release|Any CPU
		{7CB2904F-9AF2-45FF-8DF7-63BE3BBAB9AD}.Debug|Any CPU.ActiveCfg = Debug|Any CPU
		{7CB2904F-9AF2-45FF-8DF7-63BE3BBAB9AD}.Debug|Any CPU.Build.0 = Debug|Any CPU
		{7CB2904F-9AF2-45FF-8DF7-63BE3BBAB9AD}.Release|Any CPU.ActiveCfg = Release|Any CPU
		{7CB2904F-9AF2-45FF-8DF7-63BE3BBAB9AD}.Release|Any CPU.Build.0 = Release|Any CPU
		{B5A366E6-523F-4F9D-A0CA-1D4CD884575B}.Debug|Any CPU.ActiveCfg = Debug|Any CPU
		{B5A366E6-523F-4F9D-A0CA-1D4CD884575B}.Debug|Any CPU.Build.0 = Debug|Any CPU
		{B5A366E6-523F-4F9D-A0CA-1D4CD884575B}.Release|Any CPU.ActiveCfg = Release|Any CPU
		{B5A366E6-523F-4F9D-A0CA-1D4CD884575B}.Release|Any CPU.Build.0 = Release|Any CPU
		{33A76A01-280A-410A-BE02-D14BCC346F66}.Debug|Any CPU.ActiveCfg = Debug|Any CPU
		{33A76A01-280A-410A-BE02-D14BCC346F66}.Debug|Any CPU.Build.0 = Debug|Any CPU
		{33A76A01-280A-410A-BE02-D14BCC346F66}.Release|Any CPU.ActiveCfg = Release|Any CPU
		{33A76A01-280A-410A-BE02-D14BCC346F66}.Release|Any CPU.Build.0 = Release|Any CPU
		{8B1E6965-118F-4DAD-BBF4-998056EB80D8}.Debug|Any CPU.ActiveCfg = Debug|Any CPU
		{8B1E6965-118F-4DAD-BBF4-998056EB80D8}.Debug|Any CPU.Build.0 = Debug|Any CPU
		{8B1E6965-118F-4DAD-BBF4-998056EB80D8}.Release|Any CPU.ActiveCfg = Release|Any CPU
		{8B1E6965-118F-4DAD-BBF4-998056EB80D8}.Release|Any CPU.Build.0 = Release|Any CPU
	EndGlobalSection
	GlobalSection(SolutionProperties) = preSolution
		HideSolutionNode = FALSE
	EndGlobalSection
	GlobalSection(ExtensibilityGlobals) = postSolution
		SolutionGuid = {7D11A942-D20B-42FF-A978-2B879F40FB62}
	EndGlobalSection
EndGlobal
